
Microsoft Visual Studio Solution File, Format Version 12.00
# Visual Studio Version 17
VisualStudioVersion = 17.7.34003.232
MinimumVisualStudioVersion = 10.0.40219.1
Project("{FAE04EC0-301F-11D3-BF4B-00C04F79EFBC}") = "AuthServer.API", "AuthServer.API\AuthServer.API.csproj", "{818F709E-E840-4F4E-90EC-B68E47B5B5AD}"
EndProject
Project("{FAE04EC0-301F-11D3-BF4B-00C04F79EFBC}") = "AuthServer.Core", "AuthServer.Core\AuthServer.Core.csproj", "{0DE62571-32E4-476A-AB6B-5BA6A4294C0D}"
EndProject
Project("{FAE04EC0-301F-11D3-BF4B-00C04F79EFBC}") = "AuthServer.Data", "AuthServer.Data\AuthServer.Data.csproj", "{E3A1FDDF-A9F8-42FF-809D-68866BDEE998}"
EndProject
Project("{FAE04EC0-301F-11D3-BF4B-00C04F79EFBC}") = "AuthServer.Service", "AuthServer.Service\AuthServer.Service.csproj", "{55F4589C-3CD1-4753-B3BB-23161CC58324}"
EndProject
Project("{FAE04EC0-301F-11D3-BF4B-00C04F79EFBC}") = "MiniApp1.API", "MiniApp1.API\MiniApp1.API.csproj", "{FC623B86-4617-4221-BE84-3B5E9C674612}"
EndProject
Project("{FAE04EC0-301F-11D3-BF4B-00C04F79EFBC}") = "MiniApp2.API", "MiniApp2.API\MiniApp2.API.csproj", "{423C5E47-F4AB-47D1-8CD4-ED6D434B3EB2}"
EndProject
Project("{FAE04EC0-301F-11D3-BF4B-00C04F79EFBC}") = "MiniApp3.API", "MiniApp3.API\MiniApp3.API.csproj", "{E742C486-AACB-41C7-89F1-2A731DC7D9AF}"
EndProject
Project("{FAE04EC0-301F-11D3-BF4B-00C04F79EFBC}") = "SharedLibrary", "SharedLibrary\SharedLibrary.csproj", "{9F450421-B121-4A4A-861A-9D3DBAE9BCFA}"
EndProject
Global
	GlobalSection(SolutionConfigurationPlatforms) = preSolution
		Debug|Any CPU = Debug|Any CPU
		Release|Any CPU = Release|Any CPU
	EndGlobalSection
	GlobalSection(ProjectConfigurationPlatforms) = postSolution
		{818F709E-E840-4F4E-90EC-B68E47B5B5AD}.Debug|Any CPU.ActiveCfg = Debug|Any CPU
		{818F709E-E840-4F4E-90EC-B68E47B5B5AD}.Debug|Any CPU.Build.0 = Debug|Any CPU
		{818F709E-E840-4F4E-90EC-B68E47B5B5AD}.Release|Any CPU.ActiveCfg = Release|Any CPU
		{818F709E-E840-4F4E-90EC-B68E47B5B5AD}.Release|Any CPU.Build.0 = Release|Any CPU
		{0DE62571-32E4-476A-AB6B-5BA6A4294C0D}.Debug|Any CPU.ActiveCfg = Debug|Any CPU
		{0DE62571-32E4-476A-AB6B-5BA6A4294C0D}.Debug|Any CPU.Build.0 = Debug|Any CPU
		{0DE62571-32E4-476A-AB6B-5BA6A4294C0D}.Release|Any CPU.ActiveCfg = Release|Any CPU
		{0DE62571-32E4-476A-AB6B-5BA6A4294C0D}.Release|Any CPU.Build.0 = Release|Any CPU
		{E3A1FDDF-A9F8-42FF-809D-68866BDEE998}.Debug|Any CPU.ActiveCfg = Debug|Any CPU
		{E3A1FDDF-A9F8-42FF-809D-68866BDEE998}.Debug|Any CPU.Build.0 = Debug|Any CPU
		{E3A1FDDF-A9F8-42FF-809D-68866BDEE998}.Release|Any CPU.ActiveCfg = Release|Any CPU
		{E3A1FDDF-A9F8-42FF-809D-68866BDEE998}.Release|Any CPU.Build.0 = Release|Any CPU
		{55F4589C-3CD1-4753-B3BB-23161CC58324}.Debug|Any CPU.ActiveCfg = Debug|Any CPU
		{55F4589C-3CD1-4753-B3BB-23161CC58324}.Debug|Any CPU.Build.0 = Debug|Any CPU
		{55F4589C-3CD1-4753-B3BB-23161CC58324}.Release|Any CPU.ActiveCfg = Release|Any CPU
		{55F4589C-3CD1-4753-B3BB-23161CC58324}.Release|Any CPU.Build.0 = Release|Any CPU
		{FC623B86-4617-4221-BE84-3B5E9C674612}.Debug|Any CPU.ActiveCfg = Debug|Any CPU
		{FC623B86-4617-4221-BE84-3B5E9C674612}.Debug|Any CPU.Build.0 = Debug|Any CPU
		{FC623B86-4617-4221-BE84-3B5E9C674612}.Release|Any CPU.ActiveCfg = Release|Any CPU
		{FC623B86-4617-4221-BE84-3B5E9C674612}.Release|Any CPU.Build.0 = Release|Any CPU
		{423C5E47-F4AB-47D1-8CD4-ED6D434B3EB2}.Debug|Any CPU.ActiveCfg = Debug|Any CPU
		{423C5E47-F4AB-47D1-8CD4-ED6D434B3EB2}.Debug|Any CPU.Build.0 = Debug|Any CPU
		{423C5E47-F4AB-47D1-8CD4-ED6D434B3EB2}.Release|Any CPU.ActiveCfg = Release|Any CPU
		{423C5E47-F4AB-47D1-8CD4-ED6D434B3EB2}.Release|Any CPU.Build.0 = Release|Any CPU
		{E742C486-AACB-41C7-89F1-2A731DC7D9AF}.Debug|Any CPU.ActiveCfg = Debug|Any CPU
		{E742C486-AACB-41C7-89F1-2A731DC7D9AF}.Debug|Any CPU.Build.0 = Debug|Any CPU
		{E742C486-AACB-41C7-89F1-2A731DC7D9AF}.Release|Any CPU.ActiveCfg = Release|Any CPU
		{E742C486-AACB-41C7-89F1-2A731DC7D9AF}.Release|Any CPU.Build.0 = Release|Any CPU
		{9F450421-B121-4A4A-861A-9D3DBAE9BCFA}.Debug|Any CPU.ActiveCfg = Debug|Any CPU
		{9F450421-B121-4A4A-861A-9D3DBAE9BCFA}.Debug|Any CPU.Build.0 = Debug|Any CPU
		{9F450421-B121-4A4A-861A-9D3DBAE9BCFA}.Release|Any CPU.ActiveCfg = Release|Any CPU
		{9F450421-B121-4A4A-861A-9D3DBAE9BCFA}.Release|Any CPU.Build.0 = Release|Any CPU
	EndGlobalSection
	GlobalSection(SolutionProperties) = preSolution
		HideSolutionNode = FALSE
	EndGlobalSection
	GlobalSection(ExtensibilityGlobals) = postSolution
		SolutionGuid = {C730A752-EE0C-4E3A-8E53-7BF2798B24FD}
	EndGlobalSection
EndGlobal
